
Microsoft Visual Studio Solution File, Format Version 11.00
# Visual Basic Express 2010
Project("{F184B08F-C81C-45F6-A57F-5ABD9991F28F}") = "vb_tut6-Arrays", "vb_tut6-Arrays\vb_tut6-Arrays.vbproj", "{8EF2C0D9-62A2-49D6-8637-F255B429E049}"
EndProject
Global
	GlobalSection(SolutionConfigurationPlatforms) = preSolution
		Debug|x86 = Debug|x86
		Release|x86 = Release|x86
	EndGlobalSection
	GlobalSection(ProjectConfigurationPlatforms) = postSolution
		{8EF2C0D9-62A2-49D6-8637-F255B429E049}.Debug|x86.ActiveCfg = Debug|x86
		{8EF2C0D9-62A2-49D6-8637-F255B429E049}.Debug|x86.Build.0 = Debug|x86
		{8EF2C0D9-62A2-49D6-8637-F255B429E049}.Release|x86.ActiveCfg = Release|x86
		{8EF2C0D9-62A2-49D6-8637-F255B429E049}.Release|x86.Build.0 = Release|x86
	EndGlobalSection
	GlobalSection(SolutionProperties) = preSolution
		HideSolutionNode = FALSE
	EndGlobalSection
EndGlobal
